
Microsoft Visual Studio Solution File, Format Version 12.00
# Visual Studio 14
VisualStudioVersion = 14.0.24720.0
MinimumVisualStudioVersion = 10.0.40219.1
Project("{FAE04EC0-301F-11D3-BF4B-00C04F79EFBC}") = "specsfor-sample-for-roger.Web", "specsfor-sample-for-roger.Web\specsfor-sample-for-roger.Web.csproj", "{79E490CB-118D-4242-B21E-AE2783E29251}"
EndProject
Project("{FAE04EC0-301F-11D3-BF4B-00C04F79EFBC}") = "SampleSpecs", "SampleSpecs\SampleSpecs.csproj", "{1A54C8BB-3A6D-4CA6-8705-50D92AAF86BD}"
EndProject
Global
	GlobalSection(SolutionConfigurationPlatforms) = preSolution
		Debug|Any CPU = Debug|Any CPU
		Release|Any CPU = Release|Any CPU
	EndGlobalSection
	GlobalSection(ProjectConfigurationPlatforms) = postSolution
		{79E490CB-118D-4242-B21E-AE2783E29251}.Debug|Any CPU.ActiveCfg = Debug|Any CPU
		{79E490CB-118D-4242-B21E-AE2783E29251}.Debug|Any CPU.Build.0 = Debug|Any CPU
		{79E490CB-118D-4242-B21E-AE2783E29251}.Release|Any CPU.ActiveCfg = Release|Any CPU
		{79E490CB-118D-4242-B21E-AE2783E29251}.Release|Any CPU.Build.0 = Release|Any CPU
		{1A54C8BB-3A6D-4CA6-8705-50D92AAF86BD}.Debug|Any CPU.ActiveCfg = Debug|Any CPU
		{1A54C8BB-3A6D-4CA6-8705-50D92AAF86BD}.Debug|Any CPU.Build.0 = Debug|Any CPU
		{1A54C8BB-3A6D-4CA6-8705-50D92AAF86BD}.Release|Any CPU.ActiveCfg = Release|Any CPU
		{1A54C8BB-3A6D-4CA6-8705-50D92AAF86BD}.Release|Any CPU.Build.0 = Release|Any CPU
	EndGlobalSection
	GlobalSection(SolutionProperties) = preSolution
		HideSolutionNode = FALSE
	EndGlobalSection
EndGlobal
